
Microsoft Visual Studio Solution File, Format Version 12.00
# Visual Studio 14
VisualStudioVersion = 14.0.24720.0
MinimumVisualStudioVersion = 10.0.40219.1
Project("{FAE04EC0-301F-11D3-BF4B-00C04F79EFBC}") = "DZ3", "DZ3\DZ3.csproj", "{C9B243CA-E42A-44AF-ABCD-409162C6E4A0}"
	ProjectSection(ProjectDependencies) = postProject
		{42AF81E8-75BF-4F55-94EF-D07C53EDD968} = {42AF81E8-75BF-4F55-94EF-D07C53EDD968}
	EndProjectSection
EndProject
Project("{FAE04EC0-301F-11D3-BF4B-00C04F79EFBC}") = "DataObjects", "DataObjects\DataObjects.csproj", "{42AF81E8-75BF-4F55-94EF-D07C53EDD968}"
EndProject
Global
	GlobalSection(SolutionConfigurationPlatforms) = preSolution
		Debug|Any CPU = Debug|Any CPU
		Release|Any CPU = Release|Any CPU
	EndGlobalSection
	GlobalSection(ProjectConfigurationPlatforms) = postSolution
		{C9B243CA-E42A-44AF-ABCD-409162C6E4A0}.Debug|Any CPU.ActiveCfg = Debug|Any CPU
		{C9B243CA-E42A-44AF-ABCD-409162C6E4A0}.Debug|Any CPU.Build.0 = Debug|Any CPU
		{C9B243CA-E42A-44AF-ABCD-409162C6E4A0}.Release|Any CPU.ActiveCfg = Release|Any CPU
		{C9B243CA-E42A-44AF-ABCD-409162C6E4A0}.Release|Any CPU.Build.0 = Release|Any CPU
		{42AF81E8-75BF-4F55-94EF-D07C53EDD968}.Debug|Any CPU.ActiveCfg = Debug|Any CPU
		{42AF81E8-75BF-4F55-94EF-D07C53EDD968}.Debug|Any CPU.Build.0 = Debug|Any CPU
		{42AF81E8-75BF-4F55-94EF-D07C53EDD968}.Release|Any CPU.ActiveCfg = Release|Any CPU
		{42AF81E8-75BF-4F55-94EF-D07C53EDD968}.Release|Any CPU.Build.0 = Release|Any CPU
	EndGlobalSection
	GlobalSection(SolutionProperties) = preSolution
		HideSolutionNode = FALSE
	EndGlobalSection
EndGlobal
